// !$*UTF8*$!
{
	archiveVersion = 1;
	classes = {
	};
	objectVersion = 50;
	objects = {

/* Begin PBXBuildFile section */
		01203D9621F516D200B9EE57 /* PhotoDetailController.swift in Sources */ = {isa = PBXBuildFile; fileRef = 01203D9521F516D200B9EE57 /* PhotoDetailController.swift */; };
		017E18F521F4AED100F3FACF /* PhotoCell.swift in Sources */ = {isa = PBXBuildFile; fileRef = 017E18F421F4AED100F3FACF /* PhotoCell.swift */; };
		017E18F721F4B09000F3FACF /* FlickrPhoto.swift in Sources */ = {isa = PBXBuildFile; fileRef = 017E18F621F4B09000F3FACF /* FlickrPhoto.swift */; };
		017E18F921F4B43700F3FACF /* FlickrPhotosRepo.swift in Sources */ = {isa = PBXBuildFile; fileRef = 017E18F821F4B43700F3FACF /* FlickrPhotosRepo.swift */; };
		018AC35A21F4A6F00005BC55 /* AppDelegate.swift in Sources */ = {isa = PBXBuildFile; fileRef = 018AC35921F4A6F00005BC55 /* AppDelegate.swift */; };
		018AC35C21F4A6F00005BC55 /* ViewController.swift in Sources */ = {isa = PBXBuildFile; fileRef = 018AC35B21F4A6F00005BC55 /* ViewController.swift */; };
		018AC35F21F4A6F00005BC55 /* Main.storyboard in Resources */ = {isa = PBXBuildFile; fileRef = 018AC35D21F4A6F00005BC55 /* Main.storyboard */; };
		018AC36121F4A6F20005BC55 /* Assets.xcassets in Resources */ = {isa = PBXBuildFile; fileRef = 018AC36021F4A6F20005BC55 /* Assets.xcassets */; };
		018AC36421F4A6F20005BC55 /* LaunchScreen.storyboard in Resources */ = {isa = PBXBuildFile; fileRef = 018AC36221F4A6F20005BC55 /* LaunchScreen.storyboard */; };
		DCE598D67E71D94A8E4B698F /* Pods_Flickr_Browser.framework in Frameworks */ = {isa = PBXBuildFile; fileRef = 6CB79416D90213800E197417 /* Pods_Flickr_Browser.framework */; };
/* End PBXBuildFile section */

/* Begin PBXFileReference section */
		01203D9521F516D200B9EE57 /* PhotoDetailController.swift */ = {isa = PBXFileReference; lastKnownFileType = sourcecode.swift; path = PhotoDetailController.swift; sourceTree = "<group>"; };
		017E18F421F4AED100F3FACF /* PhotoCell.swift */ = {isa = PBXFileReference; lastKnownFileType = sourcecode.swift; path = PhotoCell.swift; sourceTree = "<group>"; };
		017E18F621F4B09000F3FACF /* FlickrPhoto.swift */ = {isa = PBXFileReference; lastKnownFileType = sourcecode.swift; path = FlickrPhoto.swift; sourceTree = "<group>"; };
		017E18F821F4B43700F3FACF /* FlickrPhotosRepo.swift */ = {isa = PBXFileReference; lastKnownFileType = sourcecode.swift; path = FlickrPhotosRepo.swift; sourceTree = "<group>"; };
		018AC35621F4A6F00005BC55 /* Flickr Browser.app */ = {isa = PBXFileReference; explicitFileType = wrapper.application; includeInIndex = 0; path = "Flickr Browser.app"; sourceTree = BUILT_PRODUCTS_DIR; };
		018AC35921F4A6F00005BC55 /* AppDelegate.swift */ = {isa = PBXFileReference; lastKnownFileType = sourcecode.swift; path = AppDelegate.swift; sourceTree = "<group>"; };
		018AC35B21F4A6F00005BC55 /* ViewController.swift */ = {isa = PBXFileReference; lastKnownFileType = sourcecode.swift; path = ViewController.swift; sourceTree = "<group>"; };
		018AC35E21F4A6F00005BC55 /* Base */ = {isa = PBXFileReference; lastKnownFileType = file.storyboard; name = Base; path = Base.lproj/Main.storyboard; sourceTree = "<group>"; };
		018AC36021F4A6F20005BC55 /* Assets.xcassets */ = {isa = PBXFileReference; lastKnownFileType = folder.assetcatalog; path = Assets.xcassets; sourceTree = "<group>"; };
		018AC36321F4A6F20005BC55 /* Base */ = {isa = PBXFileReference; lastKnownFileType = file.storyboard; name = Base; path = Base.lproj/LaunchScreen.storyboard; sourceTree = "<group>"; };
		018AC36521F4A6F20005BC55 /* Info.plist */ = {isa = PBXFileReference; lastKnownFileType = text.plist.xml; path = Info.plist; sourceTree = "<group>"; };
		671A91BDC3807A7BDE67AE22 /* Pods-Flickr Browser.release.xcconfig */ = {isa = PBXFileReference; includeInIndex = 1; lastKnownFileType = text.xcconfig; name = "Pods-Flickr Browser.release.xcconfig"; path = "Pods/Target Support Files/Pods-Flickr Browser/Pods-Flickr Browser.release.xcconfig"; sourceTree = "<group>"; };
		6CB79416D90213800E197417 /* Pods_Flickr_Browser.framework */ = {isa = PBXFileReference; explicitFileType = wrapper.framework; includeInIndex = 0; path = Pods_Flickr_Browser.framework; sourceTree = BUILT_PRODUCTS_DIR; };
		C7FC59F8E77726C7849E0C90 /* Pods-Flickr Browser.debug.xcconfig */ = {isa = PBXFileReference; includeInIndex = 1; lastKnownFileType = text.xcconfig; name = "Pods-Flickr Browser.debug.xcconfig"; path = "Pods/Target Support Files/Pods-Flickr Browser/Pods-Flickr Browser.debug.xcconfig"; sourceTree = "<group>"; };
/* End PBXFileReference section */

/* Begin PBXFrameworksBuildPhase section */
		018AC35321F4A6F00005BC55 /* Frameworks */ = {
			isa = PBXFrameworksBuildPhase;
			buildActionMask = 2147483647;
			files = (
				DCE598D67E71D94A8E4B698F /* Pods_Flickr_Browser.framework in Frameworks */,
			);
			runOnlyForDeploymentPostprocessing = 0;
		};
/* End PBXFrameworksBuildPhase section */

/* Begin PBXGroup section */
		017E18EB21F4A99500F3FACF /* Model */ = {
			isa = PBXGroup;
			children = (
				017E18F621F4B09000F3FACF /* FlickrPhoto.swift */,
				017E18F821F4B43700F3FACF /* FlickrPhotosRepo.swift */,
			);
			path = Model;
			sourceTree = "<group>";
		};
		017E18ED21F4A9A300F3FACF /* View */ = {
			isa = PBXGroup;
			children = (
				018AC35D21F4A6F00005BC55 /* Main.storyboard */,
				017E18F321F4A9FA00F3FACF /* Cell */,
			);
			path = View;
			sourceTree = "<group>";
		};
		017E18EE21F4A9A800F3FACF /* Controller */ = {
			isa = PBXGroup;
			children = (
				018AC35921F4A6F00005BC55 /* AppDelegate.swift */,
				018AC35B21F4A6F00005BC55 /* ViewController.swift */,
				017E18F421F4AED100F3FACF /* PhotoCell.swift */,
				01203D9521F516D200B9EE57 /* PhotoDetailController.swift */,
			);
			path = Controller;
			sourceTree = "<group>";
		};
		017E18F321F4A9FA00F3FACF /* Cell */ = {
			isa = PBXGroup;
			children = (
			);
			path = Cell;
			sourceTree = "<group>";
		};
		018AC34D21F4A6F00005BC55 = {
			isa = PBXGroup;
			children = (
				018AC35821F4A6F00005BC55 /* Flickr Browser */,
				018AC35721F4A6F00005BC55 /* Products */,
				7C6B82C3B21B67729A663DB6 /* Pods */,
				BB9F2F60B4B24EBEA9EA606D /* Frameworks */,
			);
			sourceTree = "<group>";
		};
		018AC35721F4A6F00005BC55 /* Products */ = {
			isa = PBXGroup;
			children = (
				018AC35621F4A6F00005BC55 /* Flickr Browser.app */,
			);
			name = Products;
			sourceTree = "<group>";
		};
		018AC35821F4A6F00005BC55 /* Flickr Browser */ = {
			isa = PBXGroup;
			children = (
				017E18EE21F4A9A800F3FACF /* Controller */,
				017E18ED21F4A9A300F3FACF /* View */,
				017E18EB21F4A99500F3FACF /* Model */,
				018AC36021F4A6F20005BC55 /* Assets.xcassets */,
				018AC36221F4A6F20005BC55 /* LaunchScreen.storyboard */,
				018AC36521F4A6F20005BC55 /* Info.plist */,
			);
			path = "Flickr Browser";
			sourceTree = "<group>";
		};
		7C6B82C3B21B67729A663DB6 /* Pods */ = {
			isa = PBXGroup;
			children = (
				C7FC59F8E77726C7849E0C90 /* Pods-Flickr Browser.debug.xcconfig */,
				671A91BDC3807A7BDE67AE22 /* Pods-Flickr Browser.release.xcconfig */,
			);
			name = Pods;
			sourceTree = "<group>";
		};
		BB9F2F60B4B24EBEA9EA606D /* Frameworks */ = {
			isa = PBXGroup;
			children = (
				6CB79416D90213800E197417 /* Pods_Flickr_Browser.framework */,
			);
			name = Frameworks;
			sourceTree = "<group>";
		};
/* End PBXGroup section */

/* Begin PBXNativeTarget section */
		018AC35521F4A6F00005BC55 /* Flickr Browser */ = {
			isa = PBXNativeTarget;
			buildConfigurationList = 018AC36821F4A6F20005BC55 /* Build configuration list for PBXNativeTarget "Flickr Browser" */;
			buildPhases = (
				54EC7294588749D1F8405F56 /* [CP] Check Pods Manifest.lock */,
				018AC35221F4A6F00005BC55 /* Sources */,
				018AC35321F4A6F00005BC55 /* Frameworks */,
				018AC35421F4A6F00005BC55 /* Resources */,
				65E0BDE1D1C6AC3917DA2DB3 /* [CP] Embed Pods Frameworks */,
			);
			buildRules = (
			);
			dependencies = (
			);
			name = "Flickr Browser";
			productName = "Flickr Browser";
			productReference = 018AC35621F4A6F00005BC55 /* Flickr Browser.app */;
			productType = "com.apple.product-type.application";
		};
/* End PBXNativeTarget section */

/* Begin PBXProject section */
		018AC34E21F4A6F00005BC55 /* Project object */ = {
			isa = PBXProject;
			attributes = {
				LastSwiftUpdateCheck = 1010;
				LastUpgradeCheck = 1010;
				ORGANIZATIONNAME = Przemek;
				TargetAttributes = {
					018AC35521F4A6F00005BC55 = {
						CreatedOnToolsVersion = 10.1;
					};
				};
			};
			buildConfigurationList = 018AC35121F4A6F00005BC55 /* Build configuration list for PBXProject "Flickr Browser" */;
			compatibilityVersion = "Xcode 9.3";
			developmentRegion = en;
			hasScannedForEncodings = 0;
			knownRegions = (
				en,
				Base,
			);
			mainGroup = 018AC34D21F4A6F00005BC55;
			productRefGroup = 018AC35721F4A6F00005BC55 /* Products */;
			projectDirPath = "";
			projectRoot = "";
			targets = (
				018AC35521F4A6F00005BC55 /* Flickr Browser */,
			);
		};
/* End PBXProject section */

/* Begin PBXResourcesBuildPhase section */
		018AC35421F4A6F00005BC55 /* Resources */ = {
			isa = PBXResourcesBuildPhase;
			buildActionMask = 2147483647;
			files = (
				018AC36421F4A6F20005BC55 /* LaunchScreen.storyboard in Resources */,
				018AC36121F4A6F20005BC55 /* Assets.xcassets in Resources */,
				018AC35F21F4A6F00005BC55 /* Main.storyboard in Resources */,
			);
			runOnlyForDeploymentPostprocessing = 0;
		};
/* End PBXResourcesBuildPhase section */

/* Begin PBXShellScriptBuildPhase section */
		54EC7294588749D1F8405F56 /* [CP] Check Pods Manifest.lock */ = {
			isa = PBXShellScriptBuildPhase;
			buildActionMask = 2147483647;
			files = (
			);
			inputFileListPaths = (
			);
			inputPaths = (
				"${PODS_PODFILE_DIR_PATH}/Podfile.lock",
				"${PODS_ROOT}/Manifest.lock",
			);
			name = "[CP] Check Pods Manifest.lock";
			outputFileListPaths = (
			);
			outputPaths = (
				"$(DERIVED_FILE_DIR)/Pods-Flickr Browser-checkManifestLockResult.txt",
			);
			runOnlyForDeploymentPostprocessing = 0;
			shellPath = /bin/sh;
			shellScript = "diff \"${PODS_PODFILE_DIR_PATH}/Podfile.lock\" \"${PODS_ROOT}/Manifest.lock\" > /dev/null\nif [ $? != 0 ] ; then\n    # print error to STDERR\n    echo \"error: The sandbox is not in sync with the Podfile.lock. Run 'pod install' or update your CocoaPods installation.\" >&2\n    exit 1\nfi\n# This output is used by Xcode 'outputs' to avoid re-running this script phase.\necho \"SUCCESS\" > \"${SCRIPT_OUTPUT_FILE_0}\"\n";
			showEnvVarsInLog = 0;
		};
		65E0BDE1D1C6AC3917DA2DB3 /* [CP] Embed Pods Frameworks */ = {
			isa = PBXShellScriptBuildPhase;
			buildActionMask = 2147483647;
			files = (
			);
			inputFileListPaths = (
			);
			inputPaths = (
				"${SRCROOT}/Pods/Target Support Files/Pods-Flickr Browser/Pods-Flickr Browser-frameworks.sh",
				"${BUILT_PRODUCTS_DIR}/Alamofire/Alamofire.framework",
				"${BUILT_PRODUCTS_DIR}/AlamofireImage/AlamofireImage.framework",
				"${BUILT_PRODUCTS_DIR}/SwiftyJSON/SwiftyJSON.framework",
			);
			name = "[CP] Embed Pods Frameworks";
			outputFileListPaths = (
			);
			outputPaths = (
				"${TARGET_BUILD_DIR}/${FRAMEWORKS_FOLDER_PATH}/Alamofire.framework",
				"${TARGET_BUILD_DIR}/${FRAMEWORKS_FOLDER_PATH}/AlamofireImage.framework",
				"${TARGET_BUILD_DIR}/${FRAMEWORKS_FOLDER_PATH}/SwiftyJSON.framework",
			);
			runOnlyForDeploymentPostprocessing = 0;
			shellPath = /bin/sh;
			shellScript = "\"${SRCROOT}/Pods/Target Support Files/Pods-Flickr Browser/Pods-Flickr Browser-frameworks.sh\"\n";
			showEnvVarsInLog = 0;
		};
/* End PBXShellScriptBuildPhase section */

/* Begin PBXSourcesBuildPhase section */
		018AC35221F4A6F00005BC55 /* Sources */ = {
			isa = PBXSourcesBuildPhase;
			buildActionMask = 2147483647;
			files = (
				017E18F921F4B43700F3FACF /* FlickrPhotosRepo.swift in Sources */,
				01203D9621F516D200B9EE57 /* PhotoDetailController.swift in Sources */,
				018AC35C21F4A6F00005BC55 /* ViewController.swift in Sources */,
				017E18F721F4B09000F3FACF /* FlickrPhoto.swift in Sources */,
				017E18F521F4AED100F3FACF /* PhotoCell.swift in Sources */,
				018AC35A21F4A6F00005BC55 /* AppDelegate.swift in Sources */,
			);
			runOnlyForDeploymentPostprocessing = 0;
		};
/* End PBXSourcesBuildPhase section */

/* Begin PBXVariantGroup section */
		018AC35D21F4A6F00005BC55 /* Main.storyboard */ = {
			isa = PBXVariantGroup;
			children = (
				018AC35E21F4A6F00005BC55 /* Base */,
			);
			name = Main.storyboard;
			sourceTree = "<group>";
		};
		018AC36221F4A6F20005BC55 /* LaunchScreen.storyboard */ = {
			isa = PBXVariantGroup;
			children = (
				018AC36321F4A6F20005BC55 /* Base */,
			);
			name = LaunchScreen.storyboard;
			sourceTree = "<group>";
		};
/* End PBXVariantGroup section */

/* Begin XCBuildConfiguration section */
		018AC36621F4A6F20005BC55 /* Debug */ = {
			isa = XCBuildConfiguration;
			buildSettings = {
				ALWAYS_SEARCH_USER_PATHS = NO;
				CLANG_ANALYZER_NONNULL = YES;
				CLANG_ANALYZER_NUMBER_OBJECT_CONVERSION = YES_AGGRESSIVE;
				CLANG_CXX_LANGUAGE_STANDARD = "gnu++14";
				CLANG_CXX_LIBRARY = "libc++";
				CLANG_ENABLE_MODULES = YES;
				CLANG_ENABLE_OBJC_ARC = YES;
				CLANG_ENABLE_OBJC_WEAK = YES;
				CLANG_WARN_BLOCK_CAPTURE_AUTORELEASING = YES;
				CLANG_WARN_BOOL_CONVERSION = YES;
				CLANG_WARN_COMMA = YES;
				CLANG_WARN_CONSTANT_CONVERSION = YES;
				CLANG_WARN_DEPRECATED_OBJC_IMPLEMENTATIONS = YES;
				CLANG_WARN_DIRECT_OBJC_ISA_USAGE = YES_ERROR;
				CLANG_WARN_DOCUMENTATION_COMMENTS = YES;
				CLANG_WARN_EMPTY_BODY = YES;
				CLANG_WARN_ENUM_CONVERSION = YES;
				CLANG_WARN_INFINITE_RECURSION = YES;
				CLANG_WARN_INT_CONVERSION = YES;
				CLANG_WARN_NON_LITERAL_NULL_CONVERSION = YES;
				CLANG_WARN_OBJC_IMPLICIT_RETAIN_SELF = YES;
				CLANG_WARN_OBJC_LITERAL_CONVERSION = YES;
				CLANG_WARN_OBJC_ROOT_CLASS = YES_ERROR;
				CLANG_WARN_RANGE_LOOP_ANALYSIS = YES;
				CLANG_WARN_STRICT_PROTOTYPES = YES;
				CLANG_WARN_SUSPICIOUS_MOVE = YES;
				CLANG_WARN_UNGUARDED_AVAILABILITY = YES_AGGRESSIVE;
				CLANG_WARN_UNREACHABLE_CODE = YES;
				CLANG_WARN__DUPLICATE_METHOD_MATCH = YES;
				CODE_SIGN_IDENTITY = "iPhone Developer";
				COPY_PHASE_STRIP = NO;
				DEBUG_INFORMATION_FORMAT = dwarf;
				ENABLE_STRICT_OBJC_MSGSEND = YES;
				ENABLE_TESTABILITY = YES;
				GCC_C_LANGUAGE_STANDARD = gnu11;
				GCC_DYNAMIC_NO_PIC = NO;
				GCC_NO_COMMON_BLOCKS = YES;
				GCC_OPTIMIZATION_LEVEL = 0;
				GCC_PREPROCESSOR_DEFINITIONS = (
					"DEBUG=1",
					"$(inherited)",
				);
				GCC_WARN_64_TO_32_BIT_CONVERSION = YES;
				GCC_WARN_ABOUT_RETURN_TYPE = YES_ERROR;
				GCC_WARN_UNDECLARED_SELECTOR = YES;
				GCC_WARN_UNINITIALIZED_AUTOS = YES_AGGRESSIVE;
				GCC_WARN_UNUSED_FUNCTION = YES;
				GCC_WARN_UNUSED_VARIABLE = YES;
				IPHONEOS_DEPLOYMENT_TARGET = 12.1;
				MTL_ENABLE_DEBUG_INFO = INCLUDE_SOURCE;
				MTL_FAST_MATH = YES;
				ONLY_ACTIVE_ARCH = YES;
				SDKROOT = iphoneos;
				SWIFT_ACTIVE_COMPILATION_CONDITIONS = DEBUG;
				SWIFT_OPTIMIZATION_LEVEL = "-Onone";
			};
			name = Debug;
		};
		018AC36721F4A6F20005BC55 /* Release */ = {
			isa = XCBuildConfiguration;
			buildSettings = {
				ALWAYS_SEARCH_USER_PATHS = NO;
				CLANG_ANALYZER_NONNULL = YES;
				CLANG_ANALYZER_NUMBER_OBJECT_CONVERSION = YES_AGGRESSIVE;
				CLANG_CXX_LANGUAGE_STANDARD = "gnu++14";
				CLANG_CXX_LIBRARY = "libc++";
				CLANG_ENABLE_MODULES = YES;
				CLANG_ENABLE_OBJC_ARC = YES;
				CLANG_ENABLE_OBJC_WEAK = YES;
				CLANG_WARN_BLOCK_CAPTURE_AUTORELEASING = YES;
				CLANG_WARN_BOOL_CONVERSION = YES;
				CLANG_WARN_COMMA = YES;
				CLANG_WARN_CONSTANT_CONVERSION = YES;
				CLANG_WARN_DEPRECATED_OBJC_IMPLEMENTATIONS = YES;
				CLANG_WARN_DIRECT_OBJC_ISA_USAGE = YES_ERROR;
				CLANG_WARN_DOCUMENTATION_COMMENTS = YES;
				CLANG_WARN_EMPTY_BODY = YES;
				CLANG_WARN_ENUM_CONVERSION = YES;
				CLANG_WARN_INFINITE_RECURSION = YES;
				CLANG_WARN_INT_CONVERSION = YES;
				CLANG_WARN_NON_LITERAL_NULL_CONVERSION = YES;
				CLANG_WARN_OBJC_IMPLICIT_RETAIN_SELF = YES;
				CLANG_WARN_OBJC_LITERAL_CONVERSION = YES;
				CLANG_WARN_OBJC_ROOT_CLASS = YES_ERROR;
				CLANG_WARN_RANGE_LOOP_ANALYSIS = YES;
				CLANG_WARN_STRICT_PROTOTYPES = YES;
				CLANG_WARN_SUSPICIOUS_MOVE = YES;
				CLANG_WARN_UNGUARDED_AVAILABILITY = YES_AGGRESSIVE;
				CLANG_WARN_UNREACHABLE_CODE = YES;
				CLANG_WARN__DUPLICATE_METHOD_MATCH = YES;
				CODE_SIGN_IDENTITY = "iPhone Developer";
				COPY_PHASE_STRIP = NO;
				DEBUG_INFORMATION_FORMAT = "dwarf-with-dsym";
				ENABLE_NS_ASSERTIONS = NO;
				ENABLE_STRICT_OBJC_MSGSEND = YES;
				GCC_C_LANGUAGE_STANDARD = gnu11;
				GCC_NO_COMMON_BLOCKS = YES;
				GCC_WARN_64_TO_32_BIT_CONVERSION = YES;
				GCC_WARN_ABOUT_RETURN_TYPE = YES_ERROR;
				GCC_WARN_UNDECLARED_SELECTOR = YES;
				GCC_WARN_UNINITIALIZED_AUTOS = YES_AGGRESSIVE;
				GCC_WARN_UNUSED_FUNCTION = YES;
				GCC_WARN_UNUSED_VARIABLE = YES;
				IPHONEOS_DEPLOYMENT_TARGET = 12.1;
				MTL_ENABLE_DEBUG_INFO = NO;
				MTL_FAST_MATH = YES;
				SDKROOT = iphoneos;
				SWIFT_COMPILATION_MODE = wholemodule;
				SWIFT_OPTIMIZATION_LEVEL = "-O";
				VALIDATE_PRODUCT = YES;
			};
			name = Release;
		};
		018AC36921F4A6F20005BC55 /* Debug */ = {
			isa = XCBuildConfiguration;
			baseConfigurationReference = C7FC59F8E77726C7849E0C90 /* Pods-Flickr Browser.debug.xcconfig */;
			buildSettings = {
				ASSETCATALOG_COMPILER_APPICON_NAME = AppIcon;
				CODE_SIGN_STYLE = Automatic;
				INFOPLIST_FILE = "Flickr Browser/Info.plist";
				LD_RUNPATH_SEARCH_PATHS = (
					"$(inherited)",
					"@executable_path/Frameworks",
				);
				PRODUCT_BUNDLE_IDENTIFIER = "com.brodeon.Flickr-Browser";
				PRODUCT_NAME = "$(TARGET_NAME)";
				SWIFT_VERSION = 4.2;
				TARGETED_DEVICE_FAMILY = "1,2";
			};
			name = Debug;
		};
		018AC36A21F4A6F20005BC55 /* Release */ = {
			isa = XCBuildConfiguration;
			baseConfigurationReference = 671A91BDC3807A7BDE67AE22 /* Pods-Flickr Browser.release.xcconfig */;
			buildSettings = {
				ASSETCATALOG_COMPILER_APPICON_NAME = AppIcon;
				CODE_SIGN_STYLE = Automatic;
				INFOPLIST_FILE = "Flickr Browser/Info.plist";
				LD_RUNPATH_SEARCH_PATHS = (
					"$(inherited)",
					"@executable_path/Frameworks",
				);
				PRODUCT_BUNDLE_IDENTIFIER = "com.brodeon.Flickr-Browser";
				PRODUCT_NAME = "$(TARGET_NAME)";
				SWIFT_VERSION = 4.2;
				TARGETED_DEVICE_FAMILY = "1,2";
			};
			name = Release;
		};
/* End XCBuildConfiguration section */

/* Begin XCConfigurationList section */
		018AC35121F4A6F00005BC55 /* Build configuration list for PBXProject "Flickr Browser" */ = {
			isa = XCConfigurationList;
			buildConfigurations = (
				018AC36621F4A6F20005BC55 /* Debug */,
				018AC36721F4A6F20005BC55 /* Release */,
			);
			defaultConfigurationIsVisible = 0;
			defaultConfigurationName = Release;
		};
		018AC36821F4A6F20005BC55 /* Build configuration list for PBXNativeTarget "Flickr Browser" */ = {
			isa = XCConfigurationList;
			buildConfigurations = (
				018AC36921F4A6F20005BC55 /* Debug */,
				018AC36A21F4A6F20005BC55 /* Release */,
			);
			defaultConfigurationIsVisible = 0;
			defaultConfigurationName = Release;
		};
/* End XCConfigurationList section */
	};
	rootObject = 018AC34E21F4A6F00005BC55 /* Project object */;
}
